
Microsoft Visual Studio Solution File, Format Version 12.00
# Visual Studio Version 17
VisualStudioVersion = 17.4.33122.133
MinimumVisualStudioVersion = 10.0.40219.1
Project("{8BC9CEB8-8B4A-11D0-8D11-00A0C91BC942}") = "Exp2", "Exp2\Exp2.vcxproj", "{AE483A1F-B639-4212-B103-40AE266DF747}"
EndProject
Global
	GlobalSection(SolutionConfigurationPlatforms) = preSolution
		Debug|x64 = Debug|x64
		Debug|x86 = Debug|x86
		Release|x64 = Release|x64
		Release|x86 = Release|x86
	EndGlobalSection
	GlobalSection(ProjectConfigurationPlatforms) = postSolution
		{AE483A1F-B639-4212-B103-40AE266DF747}.Debug|x64.ActiveCfg = Debug|x64
		{AE483A1F-B639-4212-B103-40AE266DF747}.Debug|x64.Build.0 = Debug|x64
		{AE483A1F-B639-4212-B103-40AE266DF747}.Debug|x86.ActiveCfg = Debug|Win32
		{AE483A1F-B639-4212-B103-40AE266DF747}.Debug|x86.Build.0 = Debug|Win32
		{AE483A1F-B639-4212-B103-40AE266DF747}.Release|x64.ActiveCfg = Release|x64
		{AE483A1F-B639-4212-B103-40AE266DF747}.Release|x64.Build.0 = Release|x64
		{AE483A1F-B639-4212-B103-40AE266DF747}.Release|x86.ActiveCfg = Release|Win32
		{AE483A1F-B639-4212-B103-40AE266DF747}.Release|x86.Build.0 = Release|Win32
	EndGlobalSection
	GlobalSection(SolutionProperties) = preSolution
		HideSolutionNode = FALSE
	EndGlobalSection
	GlobalSection(ExtensibilityGlobals) = postSolution
		SolutionGuid = {96BBD3C5-32D9-4402-8D73-7B0B146F91EA}
	EndGlobalSection
EndGlobal
